// !$*UTF8*$!
{
	archiveVersion = 1;
	classes = {
	};
	objectVersion = 56;
	objects = {

/* Begin PBXBuildFile section */
		033815FB2A76F23D005627B5 /* LetitGoApp.swift in Sources */ = {isa = PBXBuildFile; fileRef = 033815FA2A76F23D005627B5 /* LetitGoApp.swift */; };
		033815FD2A76F23D005627B5 /* ContentView.swift in Sources */ = {isa = PBXBuildFile; fileRef = 033815FC2A76F23D005627B5 /* ContentView.swift */; };
		033815FF2A76F23E005627B5 /* Assets.xcassets in Resources */ = {isa = PBXBuildFile; fileRef = 033815FE2A76F23E005627B5 /* Assets.xcassets */; };
		033816022A76F23E005627B5 /* Preview Assets.xcassets in Resources */ = {isa = PBXBuildFile; fileRef = 033816012A76F23E005627B5 /* Preview Assets.xcassets */; };
		033816102A76F597005627B5 /* FeedView.swift in Sources */ = {isa = PBXBuildFile; fileRef = 0338160F2A76F597005627B5 /* FeedView.swift */; };
		033816162A76F680005627B5 /* NewLetitView.swift in Sources */ = {isa = PBXBuildFile; fileRef = 033816152A76F680005627B5 /* NewLetitView.swift */; };
		0338161A2A76F6E8005627B5 /* TextArea.swift in Sources */ = {isa = PBXBuildFile; fileRef = 033816192A76F6E8005627B5 /* TextArea.swift */; };
		0338161C2A76F74A005627B5 /* LetitRowView.swift in Sources */ = {isa = PBXBuildFile; fileRef = 0338161B2A76F74A005627B5 /* LetitRowView.swift */; };
		033816242A76F82E005627B5 /* LoginView.swift in Sources */ = {isa = PBXBuildFile; fileRef = 033816232A76F82E005627B5 /* LoginView.swift */; };
		033816262A76F835005627B5 /* RegistrationView.swift in Sources */ = {isa = PBXBuildFile; fileRef = 033816252A76F835005627B5 /* RegistrationView.swift */; };
		0338162A2A76F8A0005627B5 /* CustomInputField.swift in Sources */ = {isa = PBXBuildFile; fileRef = 033816292A76F8A0005627B5 /* CustomInputField.swift */; };
		0338162C2A76F8C8005627B5 /* AuthHeaderView.swift in Sources */ = {isa = PBXBuildFile; fileRef = 0338162B2A76F8C8005627B5 /* AuthHeaderView.swift */; };
		0338162E2A76F97A005627B5 /* Color.swift in Sources */ = {isa = PBXBuildFile; fileRef = 0338162D2A76F97A005627B5 /* Color.swift */; };
		033816302A76FB8F005627B5 /* GoogleService-Info.plist in Resources */ = {isa = PBXBuildFile; fileRef = 0338162F2A76FB8F005627B5 /* GoogleService-Info.plist */; };
		033816342A76FDE9005627B5 /* FirebaseAuth in Frameworks */ = {isa = PBXBuildFile; productRef = 033816332A76FDE9005627B5 /* FirebaseAuth */; };
		033816362A76FDE9005627B5 /* FirebaseFirestore in Frameworks */ = {isa = PBXBuildFile; productRef = 033816352A76FDE9005627B5 /* FirebaseFirestore */; };
		033816382A76FDE9005627B5 /* FirebaseFirestoreSwift in Frameworks */ = {isa = PBXBuildFile; productRef = 033816372A76FDE9005627B5 /* FirebaseFirestoreSwift */; };
		0338163A2A76FDE9005627B5 /* FirebaseStorage in Frameworks */ = {isa = PBXBuildFile; productRef = 033816392A76FDE9005627B5 /* FirebaseStorage */; };
		0338163C2A77026C005627B5 /* AuthViewModel.swift in Sources */ = {isa = PBXBuildFile; fileRef = 0338163B2A77026C005627B5 /* AuthViewModel.swift */; };
		0338163F2A7702DD005627B5 /* UserService.swift in Sources */ = {isa = PBXBuildFile; fileRef = 0338163E2A7702DD005627B5 /* UserService.swift */; };
		033816412A770E3F005627B5 /* NavigationController.swift in Sources */ = {isa = PBXBuildFile; fileRef = 033816402A770E3F005627B5 /* NavigationController.swift */; };
		033816442A7715AE005627B5 /* User.swift in Sources */ = {isa = PBXBuildFile; fileRef = 033816432A7715AE005627B5 /* User.swift */; };
		033816462A7717F6005627B5 /* LetitService.swift in Sources */ = {isa = PBXBuildFile; fileRef = 033816452A7717F6005627B5 /* LetitService.swift */; };
		033816482A77181D005627B5 /* Letit.swift in Sources */ = {isa = PBXBuildFile; fileRef = 033816472A77181D005627B5 /* Letit.swift */; };
		0338164A2A7718BC005627B5 /* NewLetitViewModel.swift in Sources */ = {isa = PBXBuildFile; fileRef = 033816492A7718BC005627B5 /* NewLetitViewModel.swift */; };
		0338164C2A771FF9005627B5 /* FeedViewModel.swift in Sources */ = {isa = PBXBuildFile; fileRef = 0338164B2A771FF9005627B5 /* FeedViewModel.swift */; };
		0338164E2A7720AE005627B5 /* LetitRowViewModel.swift in Sources */ = {isa = PBXBuildFile; fileRef = 0338164D2A7720AE005627B5 /* LetitRowViewModel.swift */; };
		033816502A772C78005627B5 /* AuthView.swift in Sources */ = {isa = PBXBuildFile; fileRef = 0338164F2A772C78005627B5 /* AuthView.swift */; };
		033816552A77331D005627B5 /* SideMenuView.swift in Sources */ = {isa = PBXBuildFile; fileRef = 033816542A77331D005627B5 /* SideMenuView.swift */; };
		033816572A773374005627B5 /* SideMenuViewModel.swift in Sources */ = {isa = PBXBuildFile; fileRef = 033816562A773374005627B5 /* SideMenuViewModel.swift */; };
		033816592A7733B7005627B5 /* SideMenuOptionRowView.swift in Sources */ = {isa = PBXBuildFile; fileRef = 033816582A7733B7005627B5 /* SideMenuOptionRowView.swift */; };
		0338165B2A775902005627B5 /* LetitFilterViewModel.swift in Sources */ = {isa = PBXBuildFile; fileRef = 0338165A2A775902005627B5 /* LetitFilterViewModel.swift */; };
/* End PBXBuildFile section */

/* Begin PBXFileReference section */
		033815F72A76F23D005627B5 /* LetitGo.app */ = {isa = PBXFileReference; explicitFileType = wrapper.application; includeInIndex = 0; path = LetitGo.app; sourceTree = BUILT_PRODUCTS_DIR; };
		033815FA2A76F23D005627B5 /* LetitGoApp.swift */ = {isa = PBXFileReference; lastKnownFileType = sourcecode.swift; path = LetitGoApp.swift; sourceTree = "<group>"; };
		033815FC2A76F23D005627B5 /* ContentView.swift */ = {isa = PBXFileReference; lastKnownFileType = sourcecode.swift; path = ContentView.swift; sourceTree = "<group>"; };
		033815FE2A76F23E005627B5 /* Assets.xcassets */ = {isa = PBXFileReference; lastKnownFileType = folder.assetcatalog; path = Assets.xcassets; sourceTree = "<group>"; };
		033816012A76F23E005627B5 /* Preview Assets.xcassets */ = {isa = PBXFileReference; lastKnownFileType = folder.assetcatalog; path = "Preview Assets.xcassets"; sourceTree = "<group>"; };
		0338160F2A76F597005627B5 /* FeedView.swift */ = {isa = PBXFileReference; lastKnownFileType = sourcecode.swift; path = FeedView.swift; sourceTree = "<group>"; };
		033816152A76F680005627B5 /* NewLetitView.swift */ = {isa = PBXFileReference; lastKnownFileType = sourcecode.swift; path = NewLetitView.swift; sourceTree = "<group>"; };
		033816192A76F6E8005627B5 /* TextArea.swift */ = {isa = PBXFileReference; lastKnownFileType = sourcecode.swift; path = TextArea.swift; sourceTree = "<group>"; };
		0338161B2A76F74A005627B5 /* LetitRowView.swift */ = {isa = PBXFileReference; lastKnownFileType = sourcecode.swift; path = LetitRowView.swift; sourceTree = "<group>"; };
		033816232A76F82E005627B5 /* LoginView.swift */ = {isa = PBXFileReference; lastKnownFileType = sourcecode.swift; path = LoginView.swift; sourceTree = "<group>"; };
		033816252A76F835005627B5 /* RegistrationView.swift */ = {isa = PBXFileReference; lastKnownFileType = sourcecode.swift; path = RegistrationView.swift; sourceTree = "<group>"; };
		033816292A76F8A0005627B5 /* CustomInputField.swift */ = {isa = PBXFileReference; lastKnownFileType = sourcecode.swift; path = CustomInputField.swift; sourceTree = "<group>"; };
		0338162B2A76F8C8005627B5 /* AuthHeaderView.swift */ = {isa = PBXFileReference; lastKnownFileType = sourcecode.swift; path = AuthHeaderView.swift; sourceTree = "<group>"; };
		0338162D2A76F97A005627B5 /* Color.swift */ = {isa = PBXFileReference; lastKnownFileType = sourcecode.swift; path = Color.swift; sourceTree = "<group>"; };
		0338162F2A76FB8F005627B5 /* GoogleService-Info.plist */ = {isa = PBXFileReference; fileEncoding = 4; lastKnownFileType = text.plist.xml; path = "GoogleService-Info.plist"; sourceTree = "<group>"; };
		0338163B2A77026C005627B5 /* AuthViewModel.swift */ = {isa = PBXFileReference; lastKnownFileType = sourcecode.swift; path = AuthViewModel.swift; sourceTree = "<group>"; };
		0338163E2A7702DD005627B5 /* UserService.swift */ = {isa = PBXFileReference; lastKnownFileType = sourcecode.swift; path = UserService.swift; sourceTree = "<group>"; };
		033816402A770E3F005627B5 /* NavigationController.swift */ = {isa = PBXFileReference; lastKnownFileType = sourcecode.swift; path = NavigationController.swift; sourceTree = "<group>"; };
		033816432A7715AE005627B5 /* User.swift */ = {isa = PBXFileReference; lastKnownFileType = sourcecode.swift; path = User.swift; sourceTree = "<group>"; };
		033816452A7717F6005627B5 /* LetitService.swift */ = {isa = PBXFileReference; lastKnownFileType = sourcecode.swift; path = LetitService.swift; sourceTree = "<group>"; };
		033816472A77181D005627B5 /* Letit.swift */ = {isa = PBXFileReference; lastKnownFileType = sourcecode.swift; path = Letit.swift; sourceTree = "<group>"; };
		033816492A7718BC005627B5 /* NewLetitViewModel.swift */ = {isa = PBXFileReference; lastKnownFileType = sourcecode.swift; path = NewLetitViewModel.swift; sourceTree = "<group>"; };
		0338164B2A771FF9005627B5 /* FeedViewModel.swift */ = {isa = PBXFileReference; lastKnownFileType = sourcecode.swift; path = FeedViewModel.swift; sourceTree = "<group>"; };
		0338164D2A7720AE005627B5 /* LetitRowViewModel.swift */ = {isa = PBXFileReference; lastKnownFileType = sourcecode.swift; path = LetitRowViewModel.swift; sourceTree = "<group>"; };
		0338164F2A772C78005627B5 /* AuthView.swift */ = {isa = PBXFileReference; lastKnownFileType = sourcecode.swift; path = AuthView.swift; sourceTree = "<group>"; };
		033816542A77331D005627B5 /* SideMenuView.swift */ = {isa = PBXFileReference; lastKnownFileType = sourcecode.swift; path = SideMenuView.swift; sourceTree = "<group>"; };
		033816562A773374005627B5 /* SideMenuViewModel.swift */ = {isa = PBXFileReference; lastKnownFileType = sourcecode.swift; path = SideMenuViewModel.swift; sourceTree = "<group>"; };
		033816582A7733B7005627B5 /* SideMenuOptionRowView.swift */ = {isa = PBXFileReference; lastKnownFileType = sourcecode.swift; path = SideMenuOptionRowView.swift; sourceTree = "<group>"; };
		0338165A2A775902005627B5 /* LetitFilterViewModel.swift */ = {isa = PBXFileReference; lastKnownFileType = sourcecode.swift; path = LetitFilterViewModel.swift; sourceTree = "<group>"; };
/* End PBXFileReference section */

/* Begin PBXFrameworksBuildPhase section */
		033815F42A76F23D005627B5 /* Frameworks */ = {
			isa = PBXFrameworksBuildPhase;
			buildActionMask = 2147483647;
			files = (
				033816342A76FDE9005627B5 /* FirebaseAuth in Frameworks */,
				0338163A2A76FDE9005627B5 /* FirebaseStorage in Frameworks */,
				033816362A76FDE9005627B5 /* FirebaseFirestore in Frameworks */,
				033816382A76FDE9005627B5 /* FirebaseFirestoreSwift in Frameworks */,
			);
			runOnlyForDeploymentPostprocessing = 0;
		};
/* End PBXFrameworksBuildPhase section */

/* Begin PBXGroup section */
		033815EE2A76F23D005627B5 = {
			isa = PBXGroup;
			children = (
				033815F92A76F23D005627B5 /* LetitGo */,
				033815F82A76F23D005627B5 /* Products */,
			);
			sourceTree = "<group>";
		};
		033815F82A76F23D005627B5 /* Products */ = {
			isa = PBXGroup;
			children = (
				033815F72A76F23D005627B5 /* LetitGo.app */,
			);
			name = Products;
			sourceTree = "<group>";
		};
		033815F92A76F23D005627B5 /* LetitGo */ = {
			isa = PBXGroup;
			children = (
				033816422A7715A5005627B5 /* Model */,
				0338163D2A7702D3005627B5 /* Service */,
				0338160A2A76F4FB005627B5 /* Extensions */,
				033816082A76F4E4005627B5 /* Core */,
				033815FA2A76F23D005627B5 /* LetitGoApp.swift */,
				033815FC2A76F23D005627B5 /* ContentView.swift */,
				033815FE2A76F23E005627B5 /* Assets.xcassets */,
				0338162F2A76FB8F005627B5 /* GoogleService-Info.plist */,
				033816002A76F23E005627B5 /* Preview Content */,
			);
			path = LetitGo;
			sourceTree = "<group>";
		};
		033816002A76F23E005627B5 /* Preview Content */ = {
			isa = PBXGroup;
			children = (
				033816012A76F23E005627B5 /* Preview Assets.xcassets */,
			);
			path = "Preview Content";
			sourceTree = "<group>";
		};
		033816082A76F4E4005627B5 /* Core */ = {
			isa = PBXGroup;
			children = (
				033816172A76F6C7005627B5 /* Components */,
				033816512A7732FA005627B5 /* SideMenu */,
				0338161D2A76F7FE005627B5 /* Authentication */,
				033816112A76F662005627B5 /* NewLetit */,
				0338160C2A76F55D005627B5 /* Feed */,
			);
			path = Core;
			sourceTree = "<group>";
		};
		0338160A2A76F4FB005627B5 /* Extensions */ = {
			isa = PBXGroup;
			children = (
				0338162D2A76F97A005627B5 /* Color.swift */,
				033816402A770E3F005627B5 /* NavigationController.swift */,
			);
			path = Extensions;
			sourceTree = "<group>";
		};
		0338160C2A76F55D005627B5 /* Feed */ = {
			isa = PBXGroup;
			children = (
				0338160D2A76F55D005627B5 /* ViewModels */,
				0338160E2A76F581005627B5 /* View */,
			);
			path = Feed;
			sourceTree = "<group>";
		};
		0338160D2A76F55D005627B5 /* ViewModels */ = {
			isa = PBXGroup;
			children = (
				0338164B2A771FF9005627B5 /* FeedViewModel.swift */,
				0338165A2A775902005627B5 /* LetitFilterViewModel.swift */,
			);
			path = ViewModels;
			sourceTree = "<group>";
		};
		0338160E2A76F581005627B5 /* View */ = {
			isa = PBXGroup;
			children = (
				0338160F2A76F597005627B5 /* FeedView.swift */,
			);
			path = View;
			sourceTree = "<group>";
		};
		033816112A76F662005627B5 /* NewLetit */ = {
			isa = PBXGroup;
			children = (
				033816122A76F668005627B5 /* ViewModels */,
				033816142A76F675005627B5 /* View */,
			);
			path = NewLetit;
			sourceTree = "<group>";
		};
		033816122A76F668005627B5 /* ViewModels */ = {
			isa = PBXGroup;
			children = (
				033816492A7718BC005627B5 /* NewLetitViewModel.swift */,
			);
			path = ViewModels;
			sourceTree = "<group>";
		};
		033816142A76F675005627B5 /* View */ = {
			isa = PBXGroup;
			children = (
				033816152A76F680005627B5 /* NewLetitView.swift */,
			);
			path = View;
			sourceTree = "<group>";
		};
		033816172A76F6C7005627B5 /* Components */ = {
			isa = PBXGroup;
			children = (
				033816192A76F6E8005627B5 /* TextArea.swift */,
				0338161B2A76F74A005627B5 /* LetitRowView.swift */,
				033816292A76F8A0005627B5 /* CustomInputField.swift */,
				0338162B2A76F8C8005627B5 /* AuthHeaderView.swift */,
				0338164D2A7720AE005627B5 /* LetitRowViewModel.swift */,
			);
			path = Components;
			sourceTree = "<group>";
		};
		0338161D2A76F7FE005627B5 /* Authentication */ = {
			isa = PBXGroup;
			children = (
				033816222A76F826005627B5 /* ViewModels */,
				033816212A76F823005627B5 /* View */,
			);
			path = Authentication;
			sourceTree = "<group>";
		};
		033816212A76F823005627B5 /* View */ = {
			isa = PBXGroup;
			children = (
				033816232A76F82E005627B5 /* LoginView.swift */,
				033816252A76F835005627B5 /* RegistrationView.swift */,
				0338164F2A772C78005627B5 /* AuthView.swift */,
			);
			path = View;
			sourceTree = "<group>";
		};
		033816222A76F826005627B5 /* ViewModels */ = {
			isa = PBXGroup;
			children = (
				0338163B2A77026C005627B5 /* AuthViewModel.swift */,
			);
			path = ViewModels;
			sourceTree = "<group>";
		};
		0338163D2A7702D3005627B5 /* Service */ = {
			isa = PBXGroup;
			children = (
				0338163E2A7702DD005627B5 /* UserService.swift */,
				033816452A7717F6005627B5 /* LetitService.swift */,
			);
			path = Service;
			sourceTree = "<group>";
		};
		033816422A7715A5005627B5 /* Model */ = {
			isa = PBXGroup;
			children = (
				033816432A7715AE005627B5 /* User.swift */,
				033816472A77181D005627B5 /* Letit.swift */,
			);
			path = Model;
			sourceTree = "<group>";
		};
		033816512A7732FA005627B5 /* SideMenu */ = {
			isa = PBXGroup;
			children = (
				033816532A773306005627B5 /* ViewModel */,
				033816522A773300005627B5 /* View */,
			);
			path = SideMenu;
			sourceTree = "<group>";
		};
		033816522A773300005627B5 /* View */ = {
			isa = PBXGroup;
			children = (
				033816542A77331D005627B5 /* SideMenuView.swift */,
				033816582A7733B7005627B5 /* SideMenuOptionRowView.swift */,
			);
			path = View;
			sourceTree = "<group>";
		};
		033816532A773306005627B5 /* ViewModel */ = {
			isa = PBXGroup;
			children = (
				033816562A773374005627B5 /* SideMenuViewModel.swift */,
			);
			path = ViewModel;
			sourceTree = "<group>";
		};
/* End PBXGroup section */

/* Begin PBXNativeTarget section */
		033815F62A76F23D005627B5 /* LetitGo */ = {
			isa = PBXNativeTarget;
			buildConfigurationList = 033816052A76F23E005627B5 /* Build configuration list for PBXNativeTarget "LetitGo" */;
			buildPhases = (
				033815F32A76F23D005627B5 /* Sources */,
				033815F42A76F23D005627B5 /* Frameworks */,
				033815F52A76F23D005627B5 /* Resources */,
			);
			buildRules = (
			);
			dependencies = (
			);
			name = LetitGo;
			packageProductDependencies = (
				033816332A76FDE9005627B5 /* FirebaseAuth */,
				033816352A76FDE9005627B5 /* FirebaseFirestore */,
				033816372A76FDE9005627B5 /* FirebaseFirestoreSwift */,
				033816392A76FDE9005627B5 /* FirebaseStorage */,
			);
			productName = LetitGo;
			productReference = 033815F72A76F23D005627B5 /* LetitGo.app */;
			productType = "com.apple.product-type.application";
		};
/* End PBXNativeTarget section */

/* Begin PBXProject section */
		033815EF2A76F23D005627B5 /* Project object */ = {
			isa = PBXProject;
			attributes = {
				BuildIndependentTargetsInParallel = 1;
				LastSwiftUpdateCheck = 1420;
				LastUpgradeCheck = 1420;
				TargetAttributes = {
					033815F62A76F23D005627B5 = {
						CreatedOnToolsVersion = 14.2;
					};
				};
			};
			buildConfigurationList = 033815F22A76F23D005627B5 /* Build configuration list for PBXProject "LetitGo" */;
			compatibilityVersion = "Xcode 14.0";
			developmentRegion = en;
			hasScannedForEncodings = 0;
			knownRegions = (
				en,
				Base,
			);
			mainGroup = 033815EE2A76F23D005627B5;
			packageReferences = (
				033816322A76FDE9005627B5 /* XCRemoteSwiftPackageReference "firebase-ios-sdk" */,
			);
			productRefGroup = 033815F82A76F23D005627B5 /* Products */;
			projectDirPath = "";
			projectRoot = "";
			targets = (
				033815F62A76F23D005627B5 /* LetitGo */,
			);
		};
/* End PBXProject section */

/* Begin PBXResourcesBuildPhase section */
		033815F52A76F23D005627B5 /* Resources */ = {
			isa = PBXResourcesBuildPhase;
			buildActionMask = 2147483647;
			files = (
				033816022A76F23E005627B5 /* Preview Assets.xcassets in Resources */,
				033815FF2A76F23E005627B5 /* Assets.xcassets in Resources */,
				033816302A76FB8F005627B5 /* GoogleService-Info.plist in Resources */,
			);
			runOnlyForDeploymentPostprocessing = 0;
		};
/* End PBXResourcesBuildPhase section */

/* Begin PBXSourcesBuildPhase section */
		033815F32A76F23D005627B5 /* Sources */ = {
			isa = PBXSourcesBuildPhase;
			buildActionMask = 2147483647;
			files = (
				0338164E2A7720AE005627B5 /* LetitRowViewModel.swift in Sources */,
				0338164C2A771FF9005627B5 /* FeedViewModel.swift in Sources */,
				033816462A7717F6005627B5 /* LetitService.swift in Sources */,
				033816162A76F680005627B5 /* NewLetitView.swift in Sources */,
				033816592A7733B7005627B5 /* SideMenuOptionRowView.swift in Sources */,
				033816552A77331D005627B5 /* SideMenuView.swift in Sources */,
				033816242A76F82E005627B5 /* LoginView.swift in Sources */,
				0338162E2A76F97A005627B5 /* Color.swift in Sources */,
				033815FD2A76F23D005627B5 /* ContentView.swift in Sources */,
				0338162C2A76F8C8005627B5 /* AuthHeaderView.swift in Sources */,
				0338164A2A7718BC005627B5 /* NewLetitViewModel.swift in Sources */,
				033816412A770E3F005627B5 /* NavigationController.swift in Sources */,
				0338161C2A76F74A005627B5 /* LetitRowView.swift in Sources */,
				033816572A773374005627B5 /* SideMenuViewModel.swift in Sources */,
				0338163F2A7702DD005627B5 /* UserService.swift in Sources */,
				033816442A7715AE005627B5 /* User.swift in Sources */,
				0338161A2A76F6E8005627B5 /* TextArea.swift in Sources */,
				033816502A772C78005627B5 /* AuthView.swift in Sources */,
				033816102A76F597005627B5 /* FeedView.swift in Sources */,
				0338163C2A77026C005627B5 /* AuthViewModel.swift in Sources */,
				033815FB2A76F23D005627B5 /* LetitGoApp.swift in Sources */,
				0338165B2A775902005627B5 /* LetitFilterViewModel.swift in Sources */,
				0338162A2A76F8A0005627B5 /* CustomInputField.swift in Sources */,
				033816482A77181D005627B5 /* Letit.swift in Sources */,
				033816262A76F835005627B5 /* RegistrationView.swift in Sources */,
			);
			runOnlyForDeploymentPostprocessing = 0;
		};
/* End PBXSourcesBuildPhase section */

/* Begin XCBuildConfiguration section */
		033816032A76F23E005627B5 /* Debug */ = {
			isa = XCBuildConfiguration;
			buildSettings = {
				ALWAYS_SEARCH_USER_PATHS = NO;
				CLANG_ANALYZER_NONNULL = YES;
				CLANG_ANALYZER_NUMBER_OBJECT_CONVERSION = YES_AGGRESSIVE;
				CLANG_CXX_LANGUAGE_STANDARD = "gnu++20";
				CLANG_ENABLE_MODULES = YES;
				CLANG_ENABLE_OBJC_ARC = YES;
				CLANG_ENABLE_OBJC_WEAK = YES;
				CLANG_WARN_BLOCK_CAPTURE_AUTORELEASING = YES;
				CLANG_WARN_BOOL_CONVERSION = YES;
				CLANG_WARN_COMMA = YES;
				CLANG_WARN_CONSTANT_CONVERSION = YES;
				CLANG_WARN_DEPRECATED_OBJC_IMPLEMENTATIONS = YES;
				CLANG_WARN_DIRECT_OBJC_ISA_USAGE = YES_ERROR;
				CLANG_WARN_DOCUMENTATION_COMMENTS = YES;
				CLANG_WARN_EMPTY_BODY = YES;
				CLANG_WARN_ENUM_CONVERSION = YES;
				CLANG_WARN_INFINITE_RECURSION = YES;
				CLANG_WARN_INT_CONVERSION = YES;
				CLANG_WARN_NON_LITERAL_NULL_CONVERSION = YES;
				CLANG_WARN_OBJC_IMPLICIT_RETAIN_SELF = YES;
				CLANG_WARN_OBJC_LITERAL_CONVERSION = YES;
				CLANG_WARN_OBJC_ROOT_CLASS = YES_ERROR;
				CLANG_WARN_QUOTED_INCLUDE_IN_FRAMEWORK_HEADER = YES;
				CLANG_WARN_RANGE_LOOP_ANALYSIS = YES;
				CLANG_WARN_STRICT_PROTOTYPES = YES;
				CLANG_WARN_SUSPICIOUS_MOVE = YES;
				CLANG_WARN_UNGUARDED_AVAILABILITY = YES_AGGRESSIVE;
				CLANG_WARN_UNREACHABLE_CODE = YES;
				CLANG_WARN__DUPLICATE_METHOD_MATCH = YES;
				COPY_PHASE_STRIP = NO;
				DEBUG_INFORMATION_FORMAT = dwarf;
				ENABLE_STRICT_OBJC_MSGSEND = YES;
				ENABLE_TESTABILITY = YES;
				GCC_C_LANGUAGE_STANDARD = gnu11;
				GCC_DYNAMIC_NO_PIC = NO;
				GCC_NO_COMMON_BLOCKS = YES;
				GCC_OPTIMIZATION_LEVEL = 0;
				GCC_PREPROCESSOR_DEFINITIONS = (
					"DEBUG=1",
					"$(inherited)",
				);
				GCC_WARN_64_TO_32_BIT_CONVERSION = YES;
				GCC_WARN_ABOUT_RETURN_TYPE = YES_ERROR;
				GCC_WARN_UNDECLARED_SELECTOR = YES;
				GCC_WARN_UNINITIALIZED_AUTOS = YES_AGGRESSIVE;
				GCC_WARN_UNUSED_FUNCTION = YES;
				GCC_WARN_UNUSED_VARIABLE = YES;
				IPHONEOS_DEPLOYMENT_TARGET = 16.2;
				MTL_ENABLE_DEBUG_INFO = INCLUDE_SOURCE;
				MTL_FAST_MATH = YES;
				ONLY_ACTIVE_ARCH = YES;
				SDKROOT = iphoneos;
				SWIFT_ACTIVE_COMPILATION_CONDITIONS = DEBUG;
				SWIFT_OPTIMIZATION_LEVEL = "-Onone";
			};
			name = Debug;
		};
		033816042A76F23E005627B5 /* Release */ = {
			isa = XCBuildConfiguration;
			buildSettings = {
				ALWAYS_SEARCH_USER_PATHS = NO;
				CLANG_ANALYZER_NONNULL = YES;
				CLANG_ANALYZER_NUMBER_OBJECT_CONVERSION = YES_AGGRESSIVE;
				CLANG_CXX_LANGUAGE_STANDARD = "gnu++20";
				CLANG_ENABLE_MODULES = YES;
				CLANG_ENABLE_OBJC_ARC = YES;
				CLANG_ENABLE_OBJC_WEAK = YES;
				CLANG_WARN_BLOCK_CAPTURE_AUTORELEASING = YES;
				CLANG_WARN_BOOL_CONVERSION = YES;
				CLANG_WARN_COMMA = YES;
				CLANG_WARN_CONSTANT_CONVERSION = YES;
				CLANG_WARN_DEPRECATED_OBJC_IMPLEMENTATIONS = YES;
				CLANG_WARN_DIRECT_OBJC_ISA_USAGE = YES_ERROR;
				CLANG_WARN_DOCUMENTATION_COMMENTS = YES;
				CLANG_WARN_EMPTY_BODY = YES;
				CLANG_WARN_ENUM_CONVERSION = YES;
				CLANG_WARN_INFINITE_RECURSION = YES;
				CLANG_WARN_INT_CONVERSION = YES;
				CLANG_WARN_NON_LITERAL_NULL_CONVERSION = YES;
				CLANG_WARN_OBJC_IMPLICIT_RETAIN_SELF = YES;
				CLANG_WARN_OBJC_LITERAL_CONVERSION = YES;
				CLANG_WARN_OBJC_ROOT_CLASS = YES_ERROR;
				CLANG_WARN_QUOTED_INCLUDE_IN_FRAMEWORK_HEADER = YES;
				CLANG_WARN_RANGE_LOOP_ANALYSIS = YES;
				CLANG_WARN_STRICT_PROTOTYPES = YES;
				CLANG_WARN_SUSPICIOUS_MOVE = YES;
				CLANG_WARN_UNGUARDED_AVAILABILITY = YES_AGGRESSIVE;
				CLANG_WARN_UNREACHABLE_CODE = YES;
				CLANG_WARN__DUPLICATE_METHOD_MATCH = YES;
				COPY_PHASE_STRIP = NO;
				DEBUG_INFORMATION_FORMAT = "dwarf-with-dsym";
				ENABLE_NS_ASSERTIONS = NO;
				ENABLE_STRICT_OBJC_MSGSEND = YES;
				GCC_C_LANGUAGE_STANDARD = gnu11;
				GCC_NO_COMMON_BLOCKS = YES;
				GCC_WARN_64_TO_32_BIT_CONVERSION = YES;
				GCC_WARN_ABOUT_RETURN_TYPE = YES_ERROR;
				GCC_WARN_UNDECLARED_SELECTOR = YES;
				GCC_WARN_UNINITIALIZED_AUTOS = YES_AGGRESSIVE;
				GCC_WARN_UNUSED_FUNCTION = YES;
				GCC_WARN_UNUSED_VARIABLE = YES;
				IPHONEOS_DEPLOYMENT_TARGET = 16.2;
				MTL_ENABLE_DEBUG_INFO = NO;
				MTL_FAST_MATH = YES;
				SDKROOT = iphoneos;
				SWIFT_COMPILATION_MODE = wholemodule;
				SWIFT_OPTIMIZATION_LEVEL = "-O";
				VALIDATE_PRODUCT = YES;
			};
			name = Release;
		};
		033816062A76F23E005627B5 /* Debug */ = {
			isa = XCBuildConfiguration;
			buildSettings = {
				ASSETCATALOG_COMPILER_APPICON_NAME = AppIcon;
				ASSETCATALOG_COMPILER_GLOBAL_ACCENT_COLOR_NAME = AccentColor;
				CODE_SIGN_STYLE = Automatic;
				CURRENT_PROJECT_VERSION = 1;
				DEVELOPMENT_ASSET_PATHS = "\"LetitGo/Preview Content\"";
				DEVELOPMENT_TEAM = QV6YG7T84D;
				ENABLE_PREVIEWS = YES;
				GENERATE_INFOPLIST_FILE = YES;
				INFOPLIST_KEY_UIApplicationSceneManifest_Generation = YES;
				INFOPLIST_KEY_UIApplicationSupportsIndirectInputEvents = YES;
				INFOPLIST_KEY_UILaunchScreen_Generation = YES;
				INFOPLIST_KEY_UISupportedInterfaceOrientations_iPad = "UIInterfaceOrientationPortrait UIInterfaceOrientationPortraitUpsideDown UIInterfaceOrientationLandscapeLeft UIInterfaceOrientationLandscapeRight";
				INFOPLIST_KEY_UISupportedInterfaceOrientations_iPhone = "UIInterfaceOrientationPortrait UIInterfaceOrientationLandscapeLeft UIInterfaceOrientationLandscapeRight";
				LD_RUNPATH_SEARCH_PATHS = (
					"$(inherited)",
					"@executable_path/Frameworks",
				);
				MARKETING_VERSION = 1.0;
				PRODUCT_BUNDLE_IDENTIFIER = com.amirkaidarov.LetitGo;
				PRODUCT_NAME = "$(TARGET_NAME)";
				SWIFT_EMIT_LOC_STRINGS = YES;
				SWIFT_VERSION = 5.0;
				TARGETED_DEVICE_FAMILY = "1,2";
			};
			name = Debug;
		};
		033816072A76F23E005627B5 /* Release */ = {
			isa = XCBuildConfiguration;
			buildSettings = {
				ASSETCATALOG_COMPILER_APPICON_NAME = AppIcon;
				ASSETCATALOG_COMPILER_GLOBAL_ACCENT_COLOR_NAME = AccentColor;
				CODE_SIGN_STYLE = Automatic;
				CURRENT_PROJECT_VERSION = 1;
				DEVELOPMENT_ASSET_PATHS = "\"LetitGo/Preview Content\"";
				DEVELOPMENT_TEAM = QV6YG7T84D;
				ENABLE_PREVIEWS = YES;
				GENERATE_INFOPLIST_FILE = YES;
				INFOPLIST_KEY_UIApplicationSceneManifest_Generation = YES;
				INFOPLIST_KEY_UIApplicationSupportsIndirectInputEvents = YES;
				INFOPLIST_KEY_UILaunchScreen_Generation = YES;
				INFOPLIST_KEY_UISupportedInterfaceOrientations_iPad = "UIInterfaceOrientationPortrait UIInterfaceOrientationPortraitUpsideDown UIInterfaceOrientationLandscapeLeft UIInterfaceOrientationLandscapeRight";
				INFOPLIST_KEY_UISupportedInterfaceOrientations_iPhone = "UIInterfaceOrientationPortrait UIInterfaceOrientationLandscapeLeft UIInterfaceOrientationLandscapeRight";
				LD_RUNPATH_SEARCH_PATHS = (
					"$(inherited)",
					"@executable_path/Frameworks",
				);
				MARKETING_VERSION = 1.0;
				PRODUCT_BUNDLE_IDENTIFIER = com.amirkaidarov.LetitGo;
				PRODUCT_NAME = "$(TARGET_NAME)";
				SWIFT_EMIT_LOC_STRINGS = YES;
				SWIFT_VERSION = 5.0;
				TARGETED_DEVICE_FAMILY = "1,2";
			};
			name = Release;
		};
/* End XCBuildConfiguration section */

/* Begin XCConfigurationList section */
		033815F22A76F23D005627B5 /* Build configuration list for PBXProject "LetitGo" */ = {
			isa = XCConfigurationList;
			buildConfigurations = (
				033816032A76F23E005627B5 /* Debug */,
				033816042A76F23E005627B5 /* Release */,
			);
			defaultConfigurationIsVisible = 0;
			defaultConfigurationName = Release;
		};
		033816052A76F23E005627B5 /* Build configuration list for PBXNativeTarget "LetitGo" */ = {
			isa = XCConfigurationList;
			buildConfigurations = (
				033816062A76F23E005627B5 /* Debug */,
				033816072A76F23E005627B5 /* Release */,
			);
			defaultConfigurationIsVisible = 0;
			defaultConfigurationName = Release;
		};
/* End XCConfigurationList section */

/* Begin XCRemoteSwiftPackageReference section */
		033816322A76FDE9005627B5 /* XCRemoteSwiftPackageReference "firebase-ios-sdk" */ = {
			isa = XCRemoteSwiftPackageReference;
			repositoryURL = "https://github.com/firebase/firebase-ios-sdk";
			requirement = {
				kind = upToNextMajorVersion;
				minimumVersion = 9.0.0;
			};
		};
/* End XCRemoteSwiftPackageReference section */

/* Begin XCSwiftPackageProductDependency section */
		033816332A76FDE9005627B5 /* FirebaseAuth */ = {
			isa = XCSwiftPackageProductDependency;
			package = 033816322A76FDE9005627B5 /* XCRemoteSwiftPackageReference "firebase-ios-sdk" */;
			productName = FirebaseAuth;
		};
		033816352A76FDE9005627B5 /* FirebaseFirestore */ = {
			isa = XCSwiftPackageProductDependency;
			package = 033816322A76FDE9005627B5 /* XCRemoteSwiftPackageReference "firebase-ios-sdk" */;
			productName = FirebaseFirestore;
		};
		033816372A76FDE9005627B5 /* FirebaseFirestoreSwift */ = {
			isa = XCSwiftPackageProductDependency;
			package = 033816322A76FDE9005627B5 /* XCRemoteSwiftPackageReference "firebase-ios-sdk" */;
			productName = FirebaseFirestoreSwift;
		};
		033816392A76FDE9005627B5 /* FirebaseStorage */ = {
			isa = XCSwiftPackageProductDependency;
			package = 033816322A76FDE9005627B5 /* XCRemoteSwiftPackageReference "firebase-ios-sdk" */;
			productName = FirebaseStorage;
		};
/* End XCSwiftPackageProductDependency section */
	};
	rootObject = 033815EF2A76F23D005627B5 /* Project object */;
}
